
Microsoft Visual Studio Solution File, Format Version 12.00
# Visual Studio Version 17
VisualStudioVersion = 17.1.32407.343
MinimumVisualStudioVersion = 10.0.40219.1
Project("{FAE04EC0-301F-11D3-BF4B-00C04F79EFBC}") = "Availity.Homework.Api", "Availity.Homework.Api\Availity.Homework.Api.csproj", "{D4A68540-239D-44CF-8FCD-198F137C38B8}"
EndProject
Project("{FAE04EC0-301F-11D3-BF4B-00C04F79EFBC}") = "Availity.Homework.Services", "Availity.Homework.Services\Availity.Homework.Services.csproj", "{6F6357F8-9A87-4270-8245-DA4C58AA97E8}"
EndProject
Project("{FAE04EC0-301F-11D3-BF4B-00C04F79EFBC}") = "Availity.Homework.Services.Tests", "Availity.Homework.Services.Tests\Availity.Homework.Services.Tests.csproj", "{F6F1E5CB-E9D9-4727-B302-600559F5AB7C}"
EndProject
Project("{FAE04EC0-301F-11D3-BF4B-00C04F79EFBC}") = "Availity.Homework.Models", "Availity.Homework.Models\Availity.Homework.Models.csproj", "{324BECAA-8783-4ECA-98F2-FEE2E4BEE872}"
EndProject
Project("{FAE04EC0-301F-11D3-BF4B-00C04F79EFBC}") = "Availity.Homework.Api.Tests", "Availity.Homework.Api.Tests\Availity.Homework.Api.Tests.csproj", "{920A115E-F81C-4703-AA62-97CC361F7ACA}"
EndProject
Global
	GlobalSection(SolutionConfigurationPlatforms) = preSolution
		Debug|Any CPU = Debug|Any CPU
		Release|Any CPU = Release|Any CPU
	EndGlobalSection
	GlobalSection(ProjectConfigurationPlatforms) = postSolution
		{D4A68540-239D-44CF-8FCD-198F137C38B8}.Debug|Any CPU.ActiveCfg = Debug|Any CPU
		{D4A68540-239D-44CF-8FCD-198F137C38B8}.Debug|Any CPU.Build.0 = Debug|Any CPU
		{D4A68540-239D-44CF-8FCD-198F137C38B8}.Release|Any CPU.ActiveCfg = Release|Any CPU
		{D4A68540-239D-44CF-8FCD-198F137C38B8}.Release|Any CPU.Build.0 = Release|Any CPU
		{6F6357F8-9A87-4270-8245-DA4C58AA97E8}.Debug|Any CPU.ActiveCfg = Debug|Any CPU
		{6F6357F8-9A87-4270-8245-DA4C58AA97E8}.Debug|Any CPU.Build.0 = Debug|Any CPU
		{6F6357F8-9A87-4270-8245-DA4C58AA97E8}.Release|Any CPU.ActiveCfg = Release|Any CPU
		{6F6357F8-9A87-4270-8245-DA4C58AA97E8}.Release|Any CPU.Build.0 = Release|Any CPU
		{F6F1E5CB-E9D9-4727-B302-600559F5AB7C}.Debug|Any CPU.ActiveCfg = Debug|Any CPU
		{F6F1E5CB-E9D9-4727-B302-600559F5AB7C}.Debug|Any CPU.Build.0 = Debug|Any CPU
		{F6F1E5CB-E9D9-4727-B302-600559F5AB7C}.Release|Any CPU.ActiveCfg = Release|Any CPU
		{F6F1E5CB-E9D9-4727-B302-600559F5AB7C}.Release|Any CPU.Build.0 = Release|Any CPU
		{324BECAA-8783-4ECA-98F2-FEE2E4BEE872}.Debug|Any CPU.ActiveCfg = Debug|Any CPU
		{324BECAA-8783-4ECA-98F2-FEE2E4BEE872}.Debug|Any CPU.Build.0 = Debug|Any CPU
		{324BECAA-8783-4ECA-98F2-FEE2E4BEE872}.Release|Any CPU.ActiveCfg = Release|Any CPU
		{324BECAA-8783-4ECA-98F2-FEE2E4BEE872}.Release|Any CPU.Build.0 = Release|Any CPU
		{920A115E-F81C-4703-AA62-97CC361F7ACA}.Debug|Any CPU.ActiveCfg = Debug|Any CPU
		{920A115E-F81C-4703-AA62-97CC361F7ACA}.Debug|Any CPU.Build.0 = Debug|Any CPU
		{920A115E-F81C-4703-AA62-97CC361F7ACA}.Release|Any CPU.ActiveCfg = Release|Any CPU
		{920A115E-F81C-4703-AA62-97CC361F7ACA}.Release|Any CPU.Build.0 = Release|Any CPU
	EndGlobalSection
	GlobalSection(SolutionProperties) = preSolution
		HideSolutionNode = FALSE
	EndGlobalSection
	GlobalSection(ExtensibilityGlobals) = postSolution
		SolutionGuid = {4A895DDE-9144-4549-B07B-DA21CC78BBC0}
	EndGlobalSection
EndGlobal
